{
  "name": "math-knight",
  "version": "0.1.0",
  "lockfileVersion": 3,
  "requires": true,
  "packages": {
    "": {
      "name": "math-knight",
      "version": "0.1.0",
      "dependencies": {
        "@vitejs/plugin-react": "file:packages/plugin-react",
        "react": "file:packages/react",
        "react-dom": "file:packages/react-dom",
        "typescript": "file:packages/typescript",
        "vite": "file:packages/vite"
      },
      "devDependencies": {}
    },
    "node_modules/@vitejs/plugin-react": {
      "resolved": "packages/plugin-react",
      "link": true
    },
    "node_modules/react": {
      "resolved": "packages/react",
      "link": true
    },
    "node_modules/react-dom": {
      "resolved": "packages/react-dom",
      "link": true
    },
    "node_modules/typescript": {
      "resolved": "packages/typescript",
      "link": true
    },
    "node_modules/vite": {
      "resolved": "packages/vite",
      "link": true
    },
    "packages/plugin-react": {
      "name": "@vitejs/plugin-react",
      "version": "5.0.0-local"
    },
    "packages/react": {
      "version": "19.0.0-local"
    },
    "packages/react-dom": {
      "version": "19.0.0-local",
      "dependencies": {
        "react": "file:../react"
      }
    },
    "packages/typescript": {
      "version": "6.0.3-local",
      "bin": {
        "tsc": "bin/tsc.js"
      }
    },
    "packages/vite": {
      "version": "7.0.0-local",
      "bin": {
        "vite": "bin/vite.js"
      }
    }
  }
}
